// !$*UTF8*$!
{
	archiveVersion = 1;
	classes = {
	};
	objectVersion = 56;
	objects = {

/* Begin PBXBuildFile section */
		124155D81D0D1A722E292624 /* Pods_bitirmeProject.framework in Frameworks */ = {isa = PBXBuildFile; fileRef = EE206985D83971C67AC8BFF5 /* Pods_bitirmeProject.framework */; };
		3F20881B290C37EC0038CB69 /* choosingVC.swift in Sources */ = {isa = PBXBuildFile; fileRef = 3F20881A290C37EC0038CB69 /* choosingVC.swift */; };
		3F20881D290C38170038CB69 /* savedVC.swift in Sources */ = {isa = PBXBuildFile; fileRef = 3F20881C290C38170038CB69 /* savedVC.swift */; };
		3F20881F290C38600038CB69 /* settingVC.swift in Sources */ = {isa = PBXBuildFile; fileRef = 3F20881E290C38600038CB69 /* settingVC.swift */; };
		3F7A57142944BBC900689EB8 /* ScaleData.swift in Sources */ = {isa = PBXBuildFile; fileRef = 3F7A57132944BBC900689EB8 /* ScaleData.swift */; };
		3F7A57162944BEDC00689EB8 /* UnscaleData.swift in Sources */ = {isa = PBXBuildFile; fileRef = 3F7A57152944BEDC00689EB8 /* UnscaleData.swift */; };
		3F8442932906B22700B5FEA1 /* AppDelegate.swift in Sources */ = {isa = PBXBuildFile; fileRef = 3F8442922906B22700B5FEA1 /* AppDelegate.swift */; };
		3F8442952906B22700B5FEA1 /* SceneDelegate.swift in Sources */ = {isa = PBXBuildFile; fileRef = 3F8442942906B22700B5FEA1 /* SceneDelegate.swift */; };
		3F8442972906B22700B5FEA1 /* ViewController.swift in Sources */ = {isa = PBXBuildFile; fileRef = 3F8442962906B22700B5FEA1 /* ViewController.swift */; };
		3F84429A2906B22700B5FEA1 /* Main.storyboard in Resources */ = {isa = PBXBuildFile; fileRef = 3F8442982906B22700B5FEA1 /* Main.storyboard */; };
		3F84429C2906B22700B5FEA1 /* Assets.xcassets in Resources */ = {isa = PBXBuildFile; fileRef = 3F84429B2906B22700B5FEA1 /* Assets.xcassets */; };
		3F84429F2906B22700B5FEA1 /* LaunchScreen.storyboard in Resources */ = {isa = PBXBuildFile; fileRef = 3F84429D2906B22700B5FEA1 /* LaunchScreen.storyboard */; };
		3FBC8881293E06D800D3B746 /* kmeans.swift in Sources */ = {isa = PBXBuildFile; fileRef = 3FBC8880293E06D800D3B746 /* kmeans.swift */; };
		3FC5943D29B3F5BA005F81E2 /* driversVC.swift in Sources */ = {isa = PBXBuildFile; fileRef = 3FC5943C29B3F5BA005F81E2 /* driversVC.swift */; };
		3FF9C1BC2938F676001B0F1B /* GoogleService-Info.plist in Resources */ = {isa = PBXBuildFile; fileRef = 3FF9C1BB2938F676001B0F1B /* GoogleService-Info.plist */; };
/* End PBXBuildFile section */

/* Begin PBXFileReference section */
		3F20881A290C37EC0038CB69 /* choosingVC.swift */ = {isa = PBXFileReference; lastKnownFileType = sourcecode.swift; path = choosingVC.swift; sourceTree = "<group>"; };
		3F20881C290C38170038CB69 /* savedVC.swift */ = {isa = PBXFileReference; lastKnownFileType = sourcecode.swift; path = savedVC.swift; sourceTree = "<group>"; };
		3F20881E290C38600038CB69 /* settingVC.swift */ = {isa = PBXFileReference; lastKnownFileType = sourcecode.swift; path = settingVC.swift; sourceTree = "<group>"; };
		3F7A57132944BBC900689EB8 /* ScaleData.swift */ = {isa = PBXFileReference; lastKnownFileType = sourcecode.swift; path = ScaleData.swift; sourceTree = "<group>"; };
		3F7A57152944BEDC00689EB8 /* UnscaleData.swift */ = {isa = PBXFileReference; lastKnownFileType = sourcecode.swift; path = UnscaleData.swift; sourceTree = "<group>"; };
		3F84428F2906B22700B5FEA1 /* bitirmeProject.app */ = {isa = PBXFileReference; explicitFileType = wrapper.application; includeInIndex = 0; path = bitirmeProject.app; sourceTree = BUILT_PRODUCTS_DIR; };
		3F8442922906B22700B5FEA1 /* AppDelegate.swift */ = {isa = PBXFileReference; lastKnownFileType = sourcecode.swift; path = AppDelegate.swift; sourceTree = "<group>"; };
		3F8442942906B22700B5FEA1 /* SceneDelegate.swift */ = {isa = PBXFileReference; lastKnownFileType = sourcecode.swift; path = SceneDelegate.swift; sourceTree = "<group>"; };
		3F8442962906B22700B5FEA1 /* ViewController.swift */ = {isa = PBXFileReference; lastKnownFileType = sourcecode.swift; path = ViewController.swift; sourceTree = "<group>"; };
		3F8442992906B22700B5FEA1 /* Base */ = {isa = PBXFileReference; lastKnownFileType = file.storyboard; name = Base; path = Base.lproj/Main.storyboard; sourceTree = "<group>"; };
		3F84429B2906B22700B5FEA1 /* Assets.xcassets */ = {isa = PBXFileReference; lastKnownFileType = folder.assetcatalog; path = Assets.xcassets; sourceTree = "<group>"; };
		3F84429E2906B22700B5FEA1 /* Base */ = {isa = PBXFileReference; lastKnownFileType = file.storyboard; name = Base; path = Base.lproj/LaunchScreen.storyboard; sourceTree = "<group>"; };
		3F8442A02906B22700B5FEA1 /* Info.plist */ = {isa = PBXFileReference; lastKnownFileType = text.plist.xml; path = Info.plist; sourceTree = "<group>"; };
		3FBC8880293E06D800D3B746 /* kmeans.swift */ = {isa = PBXFileReference; lastKnownFileType = sourcecode.swift; path = kmeans.swift; sourceTree = "<group>"; };
		3FC5943C29B3F5BA005F81E2 /* driversVC.swift */ = {isa = PBXFileReference; lastKnownFileType = sourcecode.swift; path = driversVC.swift; sourceTree = "<group>"; };
		3FF9C1BB2938F676001B0F1B /* GoogleService-Info.plist */ = {isa = PBXFileReference; fileEncoding = 4; lastKnownFileType = text.plist.xml; path = "GoogleService-Info.plist"; sourceTree = "<group>"; };
		C8F2B9027A0664E5194C69E2 /* Pods-bitirmeProject.debug.xcconfig */ = {isa = PBXFileReference; includeInIndex = 1; lastKnownFileType = text.xcconfig; name = "Pods-bitirmeProject.debug.xcconfig"; path = "Target Support Files/Pods-bitirmeProject/Pods-bitirmeProject.debug.xcconfig"; sourceTree = "<group>"; };
		CE6EC757CD85B70122B8D17C /* Pods-bitirmeProject.release.xcconfig */ = {isa = PBXFileReference; includeInIndex = 1; lastKnownFileType = text.xcconfig; name = "Pods-bitirmeProject.release.xcconfig"; path = "Target Support Files/Pods-bitirmeProject/Pods-bitirmeProject.release.xcconfig"; sourceTree = "<group>"; };
		EE206985D83971C67AC8BFF5 /* Pods_bitirmeProject.framework */ = {isa = PBXFileReference; explicitFileType = wrapper.framework; includeInIndex = 0; path = Pods_bitirmeProject.framework; sourceTree = BUILT_PRODUCTS_DIR; };
/* End PBXFileReference section */

/* Begin PBXFrameworksBuildPhase section */
		3F84428C2906B22700B5FEA1 /* Frameworks */ = {
			isa = PBXFrameworksBuildPhase;
			buildActionMask = 2147483647;
			files = (
				124155D81D0D1A722E292624 /* Pods_bitirmeProject.framework in Frameworks */,
			);
			runOnlyForDeploymentPostprocessing = 0;
		};
/* End PBXFrameworksBuildPhase section */

/* Begin PBXGroup section */
		3F8442862906B22700B5FEA1 = {
			isa = PBXGroup;
			children = (
				3F8442912906B22700B5FEA1 /* bitirmeProject */,
				3F8442902906B22700B5FEA1 /* Products */,
				FDC6745BC6CEDCBCB163E686 /* Pods */,
				5B2AF7C7CFC42BBAB61A4B5B /* Frameworks */,
			);
			sourceTree = "<group>";
		};
		3F8442902906B22700B5FEA1 /* Products */ = {
			isa = PBXGroup;
			children = (
				3F84428F2906B22700B5FEA1 /* bitirmeProject.app */,
			);
			name = Products;
			sourceTree = "<group>";
		};
		3F8442912906B22700B5FEA1 /* bitirmeProject */ = {
			isa = PBXGroup;
			children = (
				3F8442922906B22700B5FEA1 /* AppDelegate.swift */,
				3F8442942906B22700B5FEA1 /* SceneDelegate.swift */,
				3F8442982906B22700B5FEA1 /* Main.storyboard */,
				3FC5943A29B3F270005F81E2 /* VC */,
				3FC5943B29B3F29B005F81E2 /* Models */,
				3F84429B2906B22700B5FEA1 /* Assets.xcassets */,
				3F84429D2906B22700B5FEA1 /* LaunchScreen.storyboard */,
				3F8442A02906B22700B5FEA1 /* Info.plist */,
				3FF9C1BB2938F676001B0F1B /* GoogleService-Info.plist */,
			);
			path = bitirmeProject;
			sourceTree = "<group>";
		};
		3FC5943A29B3F270005F81E2 /* VC */ = {
			isa = PBXGroup;
			children = (
				3F8442962906B22700B5FEA1 /* ViewController.swift */,
				3F20881A290C37EC0038CB69 /* choosingVC.swift */,
				3F20881C290C38170038CB69 /* savedVC.swift */,
				3F20881E290C38600038CB69 /* settingVC.swift */,
				3FC5943C29B3F5BA005F81E2 /* driversVC.swift */,
			);
			name = VC;
			sourceTree = "<group>";
		};
		3FC5943B29B3F29B005F81E2 /* Models */ = {
			isa = PBXGroup;
			children = (
				3FBC8880293E06D800D3B746 /* kmeans.swift */,
				3F7A57152944BEDC00689EB8 /* UnscaleData.swift */,
				3F7A57132944BBC900689EB8 /* ScaleData.swift */,
			);
			path = Models;
			sourceTree = "<group>";
		};
		5B2AF7C7CFC42BBAB61A4B5B /* Frameworks */ = {
			isa = PBXGroup;
			children = (
				EE206985D83971C67AC8BFF5 /* Pods_bitirmeProject.framework */,
			);
			name = Frameworks;
			sourceTree = "<group>";
		};
		FDC6745BC6CEDCBCB163E686 /* Pods */ = {
			isa = PBXGroup;
			children = (
				C8F2B9027A0664E5194C69E2 /* Pods-bitirmeProject.debug.xcconfig */,
				CE6EC757CD85B70122B8D17C /* Pods-bitirmeProject.release.xcconfig */,
			);
			path = Pods;
			sourceTree = "<group>";
		};
/* End PBXGroup section */

/* Begin PBXNativeTarget section */
		3F84428E2906B22700B5FEA1 /* bitirmeProject */ = {
			isa = PBXNativeTarget;
			buildConfigurationList = 3F8442A32906B22700B5FEA1 /* Build configuration list for PBXNativeTarget "bitirmeProject" */;
			buildPhases = (
				CC199965A0D643B5863A4089 /* [CP] Check Pods Manifest.lock */,
				3F84428B2906B22700B5FEA1 /* Sources */,
				3F84428C2906B22700B5FEA1 /* Frameworks */,
				3F84428D2906B22700B5FEA1 /* Resources */,
				6F76B24C6A563F11972281CD /* [CP] Embed Pods Frameworks */,
			);
			buildRules = (
			);
			dependencies = (
			);
			name = bitirmeProject;
			productName = bitirmeProject;
			productReference = 3F84428F2906B22700B5FEA1 /* bitirmeProject.app */;
			productType = "com.apple.product-type.application";
		};
/* End PBXNativeTarget section */

/* Begin PBXProject section */
		3F8442872906B22700B5FEA1 /* Project object */ = {
			isa = PBXProject;
			attributes = {
				BuildIndependentTargetsInParallel = 1;
				LastSwiftUpdateCheck = 1400;
				LastUpgradeCheck = 1400;
				TargetAttributes = {
					3F84428E2906B22700B5FEA1 = {
						CreatedOnToolsVersion = 14.0.1;
					};
				};
			};
			buildConfigurationList = 3F84428A2906B22700B5FEA1 /* Build configuration list for PBXProject "bitirmeProject" */;
			compatibilityVersion = "Xcode 14.0";
			developmentRegion = en;
			hasScannedForEncodings = 0;
			knownRegions = (
				en,
				Base,
			);
			mainGroup = 3F8442862906B22700B5FEA1;
			productRefGroup = 3F8442902906B22700B5FEA1 /* Products */;
			projectDirPath = "";
			projectRoot = "";
			targets = (
				3F84428E2906B22700B5FEA1 /* bitirmeProject */,
			);
		};
/* End PBXProject section */

/* Begin PBXResourcesBuildPhase section */
		3F84428D2906B22700B5FEA1 /* Resources */ = {
			isa = PBXResourcesBuildPhase;
			buildActionMask = 2147483647;
			files = (
				3F84429F2906B22700B5FEA1 /* LaunchScreen.storyboard in Resources */,
				3FF9C1BC2938F676001B0F1B /* GoogleService-Info.plist in Resources */,
				3F84429C2906B22700B5FEA1 /* Assets.xcassets in Resources */,
				3F84429A2906B22700B5FEA1 /* Main.storyboard in Resources */,
			);
			runOnlyForDeploymentPostprocessing = 0;
		};
/* End PBXResourcesBuildPhase section */

/* Begin PBXShellScriptBuildPhase section */
		6F76B24C6A563F11972281CD /* [CP] Embed Pods Frameworks */ = {
			isa = PBXShellScriptBuildPhase;
			buildActionMask = 2147483647;
			files = (
			);
			inputFileListPaths = (
				"${PODS_ROOT}/Target Support Files/Pods-bitirmeProject/Pods-bitirmeProject-frameworks-${CONFIGURATION}-input-files.xcfilelist",
			);
			name = "[CP] Embed Pods Frameworks";
			outputFileListPaths = (
				"${PODS_ROOT}/Target Support Files/Pods-bitirmeProject/Pods-bitirmeProject-frameworks-${CONFIGURATION}-output-files.xcfilelist",
			);
			runOnlyForDeploymentPostprocessing = 0;
			shellPath = /bin/sh;
			shellScript = "\"${PODS_ROOT}/Target Support Files/Pods-bitirmeProject/Pods-bitirmeProject-frameworks.sh\"\n";
			showEnvVarsInLog = 0;
		};
		CC199965A0D643B5863A4089 /* [CP] Check Pods Manifest.lock */ = {
			isa = PBXShellScriptBuildPhase;
			buildActionMask = 2147483647;
			files = (
			);
			inputFileListPaths = (
			);
			inputPaths = (
				"${PODS_PODFILE_DIR_PATH}/Podfile.lock",
				"${PODS_ROOT}/Manifest.lock",
			);
			name = "[CP] Check Pods Manifest.lock";
			outputFileListPaths = (
			);
			outputPaths = (
				"$(DERIVED_FILE_DIR)/Pods-bitirmeProject-checkManifestLockResult.txt",
			);
			runOnlyForDeploymentPostprocessing = 0;
			shellPath = /bin/sh;
			shellScript = "diff \"${PODS_PODFILE_DIR_PATH}/Podfile.lock\" \"${PODS_ROOT}/Manifest.lock\" > /dev/null\nif [ $? != 0 ] ; then\n    # print error to STDERR\n    echo \"error: The sandbox is not in sync with the Podfile.lock. Run 'pod install' or update your CocoaPods installation.\" >&2\n    exit 1\nfi\n# This output is used by Xcode 'outputs' to avoid re-running this script phase.\necho \"SUCCESS\" > \"${SCRIPT_OUTPUT_FILE_0}\"\n";
			showEnvVarsInLog = 0;
		};
/* End PBXShellScriptBuildPhase section */

/* Begin PBXSourcesBuildPhase section */
		3F84428B2906B22700B5FEA1 /* Sources */ = {
			isa = PBXSourcesBuildPhase;
			buildActionMask = 2147483647;
			files = (
				3FC5943D29B3F5BA005F81E2 /* driversVC.swift in Sources */,
				3FBC8881293E06D800D3B746 /* kmeans.swift in Sources */,
				3F8442972906B22700B5FEA1 /* ViewController.swift in Sources */,
				3F8442932906B22700B5FEA1 /* AppDelegate.swift in Sources */,
				3F20881D290C38170038CB69 /* savedVC.swift in Sources */,
				3F7A57142944BBC900689EB8 /* ScaleData.swift in Sources */,
				3F20881B290C37EC0038CB69 /* choosingVC.swift in Sources */,
				3F7A57162944BEDC00689EB8 /* UnscaleData.swift in Sources */,
				3F8442952906B22700B5FEA1 /* SceneDelegate.swift in Sources */,
				3F20881F290C38600038CB69 /* settingVC.swift in Sources */,
			);
			runOnlyForDeploymentPostprocessing = 0;
		};
/* End PBXSourcesBuildPhase section */

/* Begin PBXVariantGroup section */
		3F8442982906B22700B5FEA1 /* Main.storyboard */ = {
			isa = PBXVariantGroup;
			children = (
				3F8442992906B22700B5FEA1 /* Base */,
			);
			name = Main.storyboard;
			sourceTree = "<group>";
		};
		3F84429D2906B22700B5FEA1 /* LaunchScreen.storyboard */ = {
			isa = PBXVariantGroup;
			children = (
				3F84429E2906B22700B5FEA1 /* Base */,
			);
			name = LaunchScreen.storyboard;
			sourceTree = "<group>";
		};
/* End PBXVariantGroup section */

/* Begin XCBuildConfiguration section */
		3F8442A12906B22700B5FEA1 /* Debug */ = {
			isa = XCBuildConfiguration;
			buildSettings = {
				ALWAYS_SEARCH_USER_PATHS = NO;
				CLANG_ANALYZER_NONNULL = YES;
				CLANG_ANALYZER_NUMBER_OBJECT_CONVERSION = YES_AGGRESSIVE;
				CLANG_CXX_LANGUAGE_STANDARD = "gnu++20";
				CLANG_ENABLE_MODULES = YES;
				CLANG_ENABLE_OBJC_ARC = YES;
				CLANG_ENABLE_OBJC_WEAK = YES;
				CLANG_WARN_BLOCK_CAPTURE_AUTORELEASING = YES;
				CLANG_WARN_BOOL_CONVERSION = YES;
				CLANG_WARN_COMMA = YES;
				CLANG_WARN_CONSTANT_CONVERSION = YES;
				CLANG_WARN_DEPRECATED_OBJC_IMPLEMENTATIONS = YES;
				CLANG_WARN_DIRECT_OBJC_ISA_USAGE = YES_ERROR;
				CLANG_WARN_DOCUMENTATION_COMMENTS = YES;
				CLANG_WARN_EMPTY_BODY = YES;
				CLANG_WARN_ENUM_CONVERSION = YES;
				CLANG_WARN_INFINITE_RECURSION = YES;
				CLANG_WARN_INT_CONVERSION = YES;
				CLANG_WARN_NON_LITERAL_NULL_CONVERSION = YES;
				CLANG_WARN_OBJC_IMPLICIT_RETAIN_SELF = YES;
				CLANG_WARN_OBJC_LITERAL_CONVERSION = YES;
				CLANG_WARN_OBJC_ROOT_CLASS = YES_ERROR;
				CLANG_WARN_QUOTED_INCLUDE_IN_FRAMEWORK_HEADER = YES;
				CLANG_WARN_RANGE_LOOP_ANALYSIS = YES;
				CLANG_WARN_STRICT_PROTOTYPES = YES;
				CLANG_WARN_SUSPICIOUS_MOVE = YES;
				CLANG_WARN_UNGUARDED_AVAILABILITY = YES_AGGRESSIVE;
				CLANG_WARN_UNREACHABLE_CODE = YES;
				CLANG_WARN__DUPLICATE_METHOD_MATCH = YES;
				COPY_PHASE_STRIP = NO;
				DEBUG_INFORMATION_FORMAT = dwarf;
				ENABLE_STRICT_OBJC_MSGSEND = YES;
				ENABLE_TESTABILITY = YES;
				GCC_C_LANGUAGE_STANDARD = gnu11;
				GCC_DYNAMIC_NO_PIC = NO;
				GCC_NO_COMMON_BLOCKS = YES;
				GCC_OPTIMIZATION_LEVEL = 0;
				GCC_PREPROCESSOR_DEFINITIONS = (
					"DEBUG=1",
					"$(inherited)",
				);
				GCC_WARN_64_TO_32_BIT_CONVERSION = YES;
				GCC_WARN_ABOUT_RETURN_TYPE = YES_ERROR;
				GCC_WARN_UNDECLARED_SELECTOR = YES;
				GCC_WARN_UNINITIALIZED_AUTOS = YES_AGGRESSIVE;
				GCC_WARN_UNUSED_FUNCTION = YES;
				GCC_WARN_UNUSED_VARIABLE = YES;
				IPHONEOS_DEPLOYMENT_TARGET = 16.0;
				MTL_ENABLE_DEBUG_INFO = INCLUDE_SOURCE;
				MTL_FAST_MATH = YES;
				ONLY_ACTIVE_ARCH = YES;
				SDKROOT = iphoneos;
				SWIFT_ACTIVE_COMPILATION_CONDITIONS = DEBUG;
				SWIFT_OPTIMIZATION_LEVEL = "-Onone";
			};
			name = Debug;
		};
		3F8442A22906B22700B5FEA1 /* Release */ = {
			isa = XCBuildConfiguration;
			buildSettings = {
				ALWAYS_SEARCH_USER_PATHS = NO;
				CLANG_ANALYZER_NONNULL = YES;
				CLANG_ANALYZER_NUMBER_OBJECT_CONVERSION = YES_AGGRESSIVE;
				CLANG_CXX_LANGUAGE_STANDARD = "gnu++20";
				CLANG_ENABLE_MODULES = YES;
				CLANG_ENABLE_OBJC_ARC = YES;
				CLANG_ENABLE_OBJC_WEAK = YES;
				CLANG_WARN_BLOCK_CAPTURE_AUTORELEASING = YES;
				CLANG_WARN_BOOL_CONVERSION = YES;
				CLANG_WARN_COMMA = YES;
				CLANG_WARN_CONSTANT_CONVERSION = YES;
				CLANG_WARN_DEPRECATED_OBJC_IMPLEMENTATIONS = YES;
				CLANG_WARN_DIRECT_OBJC_ISA_USAGE = YES_ERROR;
				CLANG_WARN_DOCUMENTATION_COMMENTS = YES;
				CLANG_WARN_EMPTY_BODY = YES;
				CLANG_WARN_ENUM_CONVERSION = YES;
				CLANG_WARN_INFINITE_RECURSION = YES;
				CLANG_WARN_INT_CONVERSION = YES;
				CLANG_WARN_NON_LITERAL_NULL_CONVERSION = YES;
				CLANG_WARN_OBJC_IMPLICIT_RETAIN_SELF = YES;
				CLANG_WARN_OBJC_LITERAL_CONVERSION = YES;
				CLANG_WARN_OBJC_ROOT_CLASS = YES_ERROR;
				CLANG_WARN_QUOTED_INCLUDE_IN_FRAMEWORK_HEADER = YES;
				CLANG_WARN_RANGE_LOOP_ANALYSIS = YES;
				CLANG_WARN_STRICT_PROTOTYPES = YES;
				CLANG_WARN_SUSPICIOUS_MOVE = YES;
				CLANG_WARN_UNGUARDED_AVAILABILITY = YES_AGGRESSIVE;
				CLANG_WARN_UNREACHABLE_CODE = YES;
				CLANG_WARN__DUPLICATE_METHOD_MATCH = YES;
				COPY_PHASE_STRIP = NO;
				DEBUG_INFORMATION_FORMAT = "dwarf-with-dsym";
				ENABLE_NS_ASSERTIONS = NO;
				ENABLE_STRICT_OBJC_MSGSEND = YES;
				GCC_C_LANGUAGE_STANDARD = gnu11;
				GCC_NO_COMMON_BLOCKS = YES;
				GCC_WARN_64_TO_32_BIT_CONVERSION = YES;
				GCC_WARN_ABOUT_RETURN_TYPE = YES_ERROR;
				GCC_WARN_UNDECLARED_SELECTOR = YES;
				GCC_WARN_UNINITIALIZED_AUTOS = YES_AGGRESSIVE;
				GCC_WARN_UNUSED_FUNCTION = YES;
				GCC_WARN_UNUSED_VARIABLE = YES;
				IPHONEOS_DEPLOYMENT_TARGET = 16.0;
				MTL_ENABLE_DEBUG_INFO = NO;
				MTL_FAST_MATH = YES;
				SDKROOT = iphoneos;
				SWIFT_COMPILATION_MODE = wholemodule;
				SWIFT_OPTIMIZATION_LEVEL = "-O";
				VALIDATE_PRODUCT = YES;
			};
			name = Release;
		};
		3F8442A42906B22700B5FEA1 /* Debug */ = {
			isa = XCBuildConfiguration;
			baseConfigurationReference = C8F2B9027A0664E5194C69E2 /* Pods-bitirmeProject.debug.xcconfig */;
			buildSettings = {
				ASSETCATALOG_COMPILER_APPICON_NAME = AppIcon;
				ASSETCATALOG_COMPILER_GLOBAL_ACCENT_COLOR_NAME = AccentColor;
				CODE_SIGN_STYLE = Automatic;
				CURRENT_PROJECT_VERSION = 1;
				GENERATE_INFOPLIST_FILE = YES;
				INFOPLIST_FILE = bitirmeProject/Info.plist;
				INFOPLIST_KEY_UIApplicationSupportsIndirectInputEvents = YES;
				INFOPLIST_KEY_UILaunchStoryboardName = LaunchScreen;
				INFOPLIST_KEY_UIMainStoryboardFile = Main;
				INFOPLIST_KEY_UISupportedInterfaceOrientations_iPad = "UIInterfaceOrientationPortrait UIInterfaceOrientationPortraitUpsideDown UIInterfaceOrientationLandscapeLeft UIInterfaceOrientationLandscapeRight";
				INFOPLIST_KEY_UISupportedInterfaceOrientations_iPhone = "UIInterfaceOrientationPortrait UIInterfaceOrientationLandscapeLeft UIInterfaceOrientationLandscapeRight";
				IPHONEOS_DEPLOYMENT_TARGET = 13.0;
				LD_RUNPATH_SEARCH_PATHS = (
					"$(inherited)",
					"@executable_path/Frameworks",
				);
				MARKETING_VERSION = 1.0;
				PRODUCT_BUNDLE_IDENTIFIER = com.dundar.bitirmeProject;
				PRODUCT_NAME = "$(TARGET_NAME)";
				SWIFT_EMIT_LOC_STRINGS = YES;
				SWIFT_VERSION = 5.0;
				TARGETED_DEVICE_FAMILY = "1,2";
			};
			name = Debug;
		};
		3F8442A52906B22700B5FEA1 /* Release */ = {
			isa = XCBuildConfiguration;
			baseConfigurationReference = CE6EC757CD85B70122B8D17C /* Pods-bitirmeProject.release.xcconfig */;
			buildSettings = {
				ASSETCATALOG_COMPILER_APPICON_NAME = AppIcon;
				ASSETCATALOG_COMPILER_GLOBAL_ACCENT_COLOR_NAME = AccentColor;
				CODE_SIGN_STYLE = Automatic;
				CURRENT_PROJECT_VERSION = 1;
				GENERATE_INFOPLIST_FILE = YES;
				INFOPLIST_FILE = bitirmeProject/Info.plist;
				INFOPLIST_KEY_UIApplicationSupportsIndirectInputEvents = YES;
				INFOPLIST_KEY_UILaunchStoryboardName = LaunchScreen;
				INFOPLIST_KEY_UIMainStoryboardFile = Main;
				INFOPLIST_KEY_UISupportedInterfaceOrientations_iPad = "UIInterfaceOrientationPortrait UIInterfaceOrientationPortraitUpsideDown UIInterfaceOrientationLandscapeLeft UIInterfaceOrientationLandscapeRight";
				INFOPLIST_KEY_UISupportedInterfaceOrientations_iPhone = "UIInterfaceOrientationPortrait UIInterfaceOrientationLandscapeLeft UIInterfaceOrientationLandscapeRight";
				IPHONEOS_DEPLOYMENT_TARGET = 13.0;
				LD_RUNPATH_SEARCH_PATHS = (
					"$(inherited)",
					"@executable_path/Frameworks",
				);
				MARKETING_VERSION = 1.0;
				PRODUCT_BUNDLE_IDENTIFIER = com.dundar.bitirmeProject;
				PRODUCT_NAME = "$(TARGET_NAME)";
				SWIFT_EMIT_LOC_STRINGS = YES;
				SWIFT_VERSION = 5.0;
				TARGETED_DEVICE_FAMILY = "1,2";
			};
			name = Release;
		};
/* End XCBuildConfiguration section */

/* Begin XCConfigurationList section */
		3F84428A2906B22700B5FEA1 /* Build configuration list for PBXProject "bitirmeProject" */ = {
			isa = XCConfigurationList;
			buildConfigurations = (
				3F8442A12906B22700B5FEA1 /* Debug */,
				3F8442A22906B22700B5FEA1 /* Release */,
			);
			defaultConfigurationIsVisible = 0;
			defaultConfigurationName = Release;
		};
		3F8442A32906B22700B5FEA1 /* Build configuration list for PBXNativeTarget "bitirmeProject" */ = {
			isa = XCConfigurationList;
			buildConfigurations = (
				3F8442A42906B22700B5FEA1 /* Debug */,
				3F8442A52906B22700B5FEA1 /* Release */,
			);
			defaultConfigurationIsVisible = 0;
			defaultConfigurationName = Release;
		};
/* End XCConfigurationList section */
	};
	rootObject = 3F8442872906B22700B5FEA1 /* Project object */;
}
